<?xml version="1.0" encoding="utf-8"?>
<Project ToolsVersion="4.0" xmlns="http://schemas.microsoft.com/developer/msbuild/2003">
  <ItemGroup>
    <Filter Include="include">
      <UniqueIdentifier>{93995380-89BD-4b04-88EB-625FBE52EBFB}</UniqueIdentifier>
      <Extensions>h;hh;hpp;hxx;hm;inl;inc;xsd</Extensions>
    </Filter>
    <Filter Include="test">
      <UniqueIdentifier>{3951ee1b-ec46-4389-ba62-98cdc32c9bc9}</UniqueIdentifier>
    </Filter>
    <Filter Include="common">
      <UniqueIdentifier>{4FC737F1-C7A5-4376-A066-2A32D752A2FF}</UniqueIdentifier>
      <Extensions>cpp;c;cc;cxx;def;odl;idl;hpj;bat;asm;asmx</Extensions>
    </Filter>
    <Filter Include="net">
      <UniqueIdentifier>{38754ea6-5d82-43c4-9776-91d36e5fa0d3}</UniqueIdentifier>
    </Filter>
  </ItemGroup>
  <ItemGroup>
    <ClCompile Include="..\test\Queue.cpp">
      <Filter>test</Filter>
    </ClCompile>
    <ClCompile Include="..\test\thread.cpp">
      <Filter>test</Filter>
    </ClCompile>
    <ClCompile Include="..\common\TTCircularBuffer.cpp">
      <Filter>common</Filter>
    </ClCompile>
    <ClCompile Include="..\common\TTCommonThread.cpp">
      <Filter>common</Filter>
    </ClCompile>
  </ItemGroup>
  <ItemGroup>
    <ClInclude Include="..\include\TTDef.h">
      <Filter>include</Filter>
    </ClInclude>
    <ClInclude Include="..\include\TTGlobal.h">
      <Filter>include</Filter>
    </ClInclude>
    <ClInclude Include="..\common\TTCircularBuffer.h">
      <Filter>common</Filter>
    </ClInclude>
    <ClInclude Include="..\common\TTCodeQueue.h">
      <Filter>common</Filter>
    </ClInclude>
    <ClInclude Include="..\common\TTCommonError.h">
      <Filter>common</Filter>
    </ClInclude>
    <ClInclude Include="..\common\TTCommonMessageQueue.h">
      <Filter>common</Filter>
    </ClInclude>
    <ClInclude Include="..\common\TTCommonMutex.h">
      <Filter>common</Filter>
    </ClInclude>
    <ClInclude Include="..\common\TTCommonThread.h">
      <Filter>common</Filter>
    </ClInclude>
    <ClInclude Include="..\common\TTNocopyable.h">
      <Filter>common</Filter>
    </ClInclude>
    <ClInclude Include="..\net\Socket.h">
      <Filter>net</Filter>
    </ClInclude>
  </ItemGroup>
</Project>