<?xml version="1.0" encoding="utf-8"?>
<Project ToolsVersion="4.0" xmlns="http://schemas.microsoft.com/developer/msbuild/2003">
  <ItemGroup>
    <Filter Include="include">
      <UniqueIdentifier>{93995380-89BD-4b04-88EB-625FBE52EBFB}</UniqueIdentifier>
      <Extensions>h;hh;hpp;hxx;hm;inl;inc;xsd</Extensions>
    </Filter>
    <Filter Include="src">
      <UniqueIdentifier>{4FC737F1-C7A5-4376-A066-2A32D752A2FF}</UniqueIdentifier>
      <Extensions>cpp;c;cc;cxx;def;odl;idl;hpj;bat;asm;asmx</Extensions>
    </Filter>
    <Filter Include="test">
      <UniqueIdentifier>{3951ee1b-ec46-4389-ba62-98cdc32c9bc9}</UniqueIdentifier>
    </Filter>
  </ItemGroup>
  <ItemGroup>
    <ClInclude Include="..\include\TTCodeQueue.h">
      <Filter>include</Filter>
    </ClInclude>
    <ClInclude Include="..\include\TTGlobal.h">
      <Filter>include</Filter>
    </ClInclude>
    <ClInclude Include="..\include\TTCommonError.h">
      <Filter>include</Filter>
    </ClInclude>
    <ClInclude Include="..\include\TTCircularBuffer.h">
      <Filter>include</Filter>
    </ClInclude>
    <ClInclude Include="..\include\TTCommonMutex.h">
      <Filter>include</Filter>
    </ClInclude>
    <ClInclude Include="..\include\TTCommonMessageQueue.h">
      <Filter>include</Filter>
    </ClInclude>
    <ClInclude Include="..\include\TTNocopyable.h">
      <Filter>include</Filter>
    </ClInclude>
    <ClInclude Include="..\include\TTCommonThread.h">
      <Filter>include</Filter>
    </ClInclude>
  </ItemGroup>
  <ItemGroup>
    <ClCompile Include="..\test\Queue.cpp">
      <Filter>test</Filter>
    </ClCompile>
    <ClCompile Include="..\src\TTCircularBuffer.cpp">
      <Filter>src</Filter>
    </ClCompile>
    <ClCompile Include="..\src\TTCommonThread.cpp">
      <Filter>src</Filter>
    </ClCompile>
  </ItemGroup>
</Project>